# This file is automatically @generated by Cargo.
# It is not intended for manual editing.
version = 3

[[package]]
name = "pancake-db-idl"
version = "0.0.0-alpha.0"
dependencies = [
 "protobuf",
]

[[package]]
name = "protobuf"
version = "3.0.0-alpha.1"
source = "registry+https://github.com/rust-lang/crates.io-index"
checksum = "179dfed5ac5d90df13ede91b3035443ec07e0ec964b86afb10700597b5f990bc"
