# This file is automatically @generated by Cargo.
# It is not intended for manual editing.
version = 3

[[package]]
name = "pancake-db-idl"
version = "0.1.0"
dependencies = [
 "protobuf",
]

[[package]]
name = "protobuf"
version = "3.0.0-alpha.2"
source = "registry+https://github.com/rust-lang/crates.io-index"
checksum = "9d5ef59c35c7472ce5e1b6c5924b87585143d1fc2cf39eae0009bba6c4df62f1"
